
Microsoft Visual Studio Solution File, Format Version 12.00
Project("{FAE04EC0-301F-11D3-BF4B-00C04F79EFBC}") = "MacawSitecoreProject", "MacawSitecoreProject\MacawSitecoreProject.csproj", "{7B11870F-7B59-4E93-9C85-B4B57E4355D1}"
EndProject
Global
	GlobalSection(SolutionConfigurationPlatforms) = preSolution
		Debug|Any CPU = Debug|Any CPU
		Release|Any CPU = Release|Any CPU
	EndGlobalSection
	GlobalSection(ProjectConfigurationPlatforms) = postSolution
		{7B11870F-7B59-4E93-9C85-B4B57E4355D1}.Debug|Any CPU.ActiveCfg = Debug|Any CPU
		{7B11870F-7B59-4E93-9C85-B4B57E4355D1}.Debug|Any CPU.Build.0 = Debug|Any CPU
		{7B11870F-7B59-4E93-9C85-B4B57E4355D1}.Release|Any CPU.ActiveCfg = Release|Any CPU
		{7B11870F-7B59-4E93-9C85-B4B57E4355D1}.Release|Any CPU.Build.0 = Release|Any CPU
	EndGlobalSection
EndGlobal
